{
  "requires": true,
  "lockfileVersion": 1,
  "dependencies": {
    "hprose": {
      "version": "2.0.51",
      "resolved": "https://registry.npmjs.org/hprose/-/hprose-2.0.51.tgz",
      "integrity": "sha512-yZHm1QhYg7UW7/9cggGOFAVbpPslVqIZz7Dyk0tql44V5ZocRXfDqOsUo9EVcWSDeuatUK6aUbSnCMZdp02VOQ==",
      "requires": {
        "ws": ">=4.0.0"
      }
    },
    "ip": {
      "version": "1.1.5",
      "resolved": "https://registry.npmjs.org/ip/-/ip-1.1.5.tgz",
      "integrity": "sha1-vd7XARQpCCjAoDnnLvJfWq7ENUo="
    },
    "ws": {
      "version": "7.2.1",
      "resolved": "https://registry.npmjs.org/ws/-/ws-7.2.1.tgz",
      "integrity": "sha512-sucePNSafamSKoOqoNfBd8V0StlkzJKL2ZAhGQinCfNQ+oacw+Pk7lcdAElecBF2VkLNZRiIb5Oi1Q5lVUVt2A=="
    }
  }
}
